
Microsoft Visual Studio Solution File, Format Version 12.00
# Visual Studio Version 17
VisualStudioVersion = 17.0.31903.59
MinimumVisualStudioVersion = 10.0.40219.1
Project("{FAE04EC0-301F-11D3-BF4B-00C04F79EFBC}") = "Natsu", "Natsu\Natsu.csproj", "{3AC05070-2149-4344-8ACF-379C12F9D2CC}"
EndProject
Project("{FAE04EC0-301F-11D3-BF4B-00C04F79EFBC}") = "Natsu.Sandbox", "Natsu.Sandbox\Natsu.Sandbox.csproj", "{822F1827-AFDF-423C-B326-A13907E9F077}"
EndProject
Project("{FAE04EC0-301F-11D3-BF4B-00C04F79EFBC}") = "Natsu.Desktop", "Natsu.Desktop\Natsu.Desktop.csproj", "{0A2511AA-F01E-497E-9843-F3E920D57CCA}"
EndProject
Project("{FAE04EC0-301F-11D3-BF4B-00C04F79EFBC}") = "Natsu.Templates", "Natsu.Templates\Natsu.Templates.csproj", "{DCB4C992-E399-41A1-90F8-7A685F713117}"
EndProject
Project("{FAE04EC0-301F-11D3-BF4B-00C04F79EFBC}") = "Natsu.Tests", "Natsu.Tests\Natsu.Tests.csproj", "{46BCAE39-D758-4173-A70E-273DB4AE54BA}"
EndProject
Project("{FAE04EC0-301F-11D3-BF4B-00C04F79EFBC}") = "Natsu.NativeLibs", "Natsu.NativeLibs\Natsu.NativeLibs.csproj", "{E7430E4D-DFEC-4D3C-97C2-3A907020A84C}"
EndProject
Global
	GlobalSection(SolutionConfigurationPlatforms) = preSolution
		Debug|Any CPU = Debug|Any CPU
		Debug|x64 = Debug|x64
		Debug|x86 = Debug|x86
		Release|Any CPU = Release|Any CPU
		Release|x64 = Release|x64
		Release|x86 = Release|x86
	EndGlobalSection
	GlobalSection(ProjectConfigurationPlatforms) = postSolution
		{3AC05070-2149-4344-8ACF-379C12F9D2CC}.Debug|Any CPU.ActiveCfg = Debug|Any CPU
		{3AC05070-2149-4344-8ACF-379C12F9D2CC}.Debug|Any CPU.Build.0 = Debug|Any CPU
		{3AC05070-2149-4344-8ACF-379C12F9D2CC}.Debug|x64.ActiveCfg = Debug|Any CPU
		{3AC05070-2149-4344-8ACF-379C12F9D2CC}.Debug|x64.Build.0 = Debug|Any CPU
		{3AC05070-2149-4344-8ACF-379C12F9D2CC}.Debug|x86.ActiveCfg = Debug|Any CPU
		{3AC05070-2149-4344-8ACF-379C12F9D2CC}.Debug|x86.Build.0 = Debug|Any CPU
		{3AC05070-2149-4344-8ACF-379C12F9D2CC}.Release|Any CPU.ActiveCfg = Release|Any CPU
		{3AC05070-2149-4344-8ACF-379C12F9D2CC}.Release|Any CPU.Build.0 = Release|Any CPU
		{3AC05070-2149-4344-8ACF-379C12F9D2CC}.Release|x64.ActiveCfg = Release|Any CPU
		{3AC05070-2149-4344-8ACF-379C12F9D2CC}.Release|x64.Build.0 = Release|Any CPU
		{3AC05070-2149-4344-8ACF-379C12F9D2CC}.Release|x86.ActiveCfg = Release|Any CPU
		{3AC05070-2149-4344-8ACF-379C12F9D2CC}.Release|x86.Build.0 = Release|Any CPU
		{822F1827-AFDF-423C-B326-A13907E9F077}.Debug|Any CPU.ActiveCfg = Debug|Any CPU
		{822F1827-AFDF-423C-B326-A13907E9F077}.Debug|Any CPU.Build.0 = Debug|Any CPU
		{822F1827-AFDF-423C-B326-A13907E9F077}.Debug|x64.ActiveCfg = Debug|Any CPU
		{822F1827-AFDF-423C-B326-A13907E9F077}.Debug|x64.Build.0 = Debug|Any CPU
		{822F1827-AFDF-423C-B326-A13907E9F077}.Debug|x86.ActiveCfg = Debug|Any CPU
		{822F1827-AFDF-423C-B326-A13907E9F077}.Debug|x86.Build.0 = Debug|Any CPU
		{822F1827-AFDF-423C-B326-A13907E9F077}.Release|Any CPU.ActiveCfg = Release|Any CPU
		{822F1827-AFDF-423C-B326-A13907E9F077}.Release|Any CPU.Build.0 = Release|Any CPU
		{822F1827-AFDF-423C-B326-A13907E9F077}.Release|x64.ActiveCfg = Release|Any CPU
		{822F1827-AFDF-423C-B326-A13907E9F077}.Release|x64.Build.0 = Release|Any CPU
		{822F1827-AFDF-423C-B326-A13907E9F077}.Release|x86.ActiveCfg = Release|Any CPU
		{822F1827-AFDF-423C-B326-A13907E9F077}.Release|x86.Build.0 = Release|Any CPU
		{0A2511AA-F01E-497E-9843-F3E920D57CCA}.Debug|Any CPU.ActiveCfg = Debug|Any CPU
		{0A2511AA-F01E-497E-9843-F3E920D57CCA}.Debug|Any CPU.Build.0 = Debug|Any CPU
		{0A2511AA-F01E-497E-9843-F3E920D57CCA}.Debug|x64.ActiveCfg = Debug|Any CPU
		{0A2511AA-F01E-497E-9843-F3E920D57CCA}.Debug|x64.Build.0 = Debug|Any CPU
		{0A2511AA-F01E-497E-9843-F3E920D57CCA}.Debug|x86.ActiveCfg = Debug|Any CPU
		{0A2511AA-F01E-497E-9843-F3E920D57CCA}.Debug|x86.Build.0 = Debug|Any CPU
		{0A2511AA-F01E-497E-9843-F3E920D57CCA}.Release|Any CPU.ActiveCfg = Release|Any CPU
		{0A2511AA-F01E-497E-9843-F3E920D57CCA}.Release|Any CPU.Build.0 = Release|Any CPU
		{0A2511AA-F01E-497E-9843-F3E920D57CCA}.Release|x64.ActiveCfg = Release|Any CPU
		{0A2511AA-F01E-497E-9843-F3E920D57CCA}.Release|x64.Build.0 = Release|Any CPU
		{0A2511AA-F01E-497E-9843-F3E920D57CCA}.Release|x86.ActiveCfg = Release|Any CPU
		{0A2511AA-F01E-497E-9843-F3E920D57CCA}.Release|x86.Build.0 = Release|Any CPU
		{DCB4C992-E399-41A1-90F8-7A685F713117}.Debug|Any CPU.ActiveCfg = Debug|Any CPU
		{DCB4C992-E399-41A1-90F8-7A685F713117}.Debug|Any CPU.Build.0 = Debug|Any CPU
		{DCB4C992-E399-41A1-90F8-7A685F713117}.Debug|x64.ActiveCfg = Debug|Any CPU
		{DCB4C992-E399-41A1-90F8-7A685F713117}.Debug|x64.Build.0 = Debug|Any CPU
		{DCB4C992-E399-41A1-90F8-7A685F713117}.Debug|x86.ActiveCfg = Debug|Any CPU
		{DCB4C992-E399-41A1-90F8-7A685F713117}.Debug|x86.Build.0 = Debug|Any CPU
		{DCB4C992-E399-41A1-90F8-7A685F713117}.Release|Any CPU.ActiveCfg = Release|Any CPU
		{DCB4C992-E399-41A1-90F8-7A685F713117}.Release|Any CPU.Build.0 = Release|Any CPU
		{DCB4C992-E399-41A1-90F8-7A685F713117}.Release|x64.ActiveCfg = Release|Any CPU
		{DCB4C992-E399-41A1-90F8-7A685F713117}.Release|x64.Build.0 = Release|Any CPU
		{DCB4C992-E399-41A1-90F8-7A685F713117}.Release|x86.ActiveCfg = Release|Any CPU
		{DCB4C992-E399-41A1-90F8-7A685F713117}.Release|x86.Build.0 = Release|Any CPU
		{46BCAE39-D758-4173-A70E-273DB4AE54BA}.Debug|Any CPU.ActiveCfg = Debug|Any CPU
		{46BCAE39-D758-4173-A70E-273DB4AE54BA}.Debug|Any CPU.Build.0 = Debug|Any CPU
		{46BCAE39-D758-4173-A70E-273DB4AE54BA}.Debug|x64.ActiveCfg = Debug|Any CPU
		{46BCAE39-D758-4173-A70E-273DB4AE54BA}.Debug|x64.Build.0 = Debug|Any CPU
		{46BCAE39-D758-4173-A70E-273DB4AE54BA}.Debug|x86.ActiveCfg = Debug|Any CPU
		{46BCAE39-D758-4173-A70E-273DB4AE54BA}.Debug|x86.Build.0 = Debug|Any CPU
		{46BCAE39-D758-4173-A70E-273DB4AE54BA}.Release|Any CPU.ActiveCfg = Release|Any CPU
		{46BCAE39-D758-4173-A70E-273DB4AE54BA}.Release|Any CPU.Build.0 = Release|Any CPU
		{46BCAE39-D758-4173-A70E-273DB4AE54BA}.Release|x64.ActiveCfg = Release|Any CPU
		{46BCAE39-D758-4173-A70E-273DB4AE54BA}.Release|x64.Build.0 = Release|Any CPU
		{46BCAE39-D758-4173-A70E-273DB4AE54BA}.Release|x86.ActiveCfg = Release|Any CPU
		{46BCAE39-D758-4173-A70E-273DB4AE54BA}.Release|x86.Build.0 = Release|Any CPU
		{E7430E4D-DFEC-4D3C-97C2-3A907020A84C}.Debug|Any CPU.ActiveCfg = Debug|Any CPU
		{E7430E4D-DFEC-4D3C-97C2-3A907020A84C}.Debug|Any CPU.Build.0 = Debug|Any CPU
		{E7430E4D-DFEC-4D3C-97C2-3A907020A84C}.Debug|x64.ActiveCfg = Debug|Any CPU
		{E7430E4D-DFEC-4D3C-97C2-3A907020A84C}.Debug|x64.Build.0 = Debug|Any CPU
		{E7430E4D-DFEC-4D3C-97C2-3A907020A84C}.Debug|x86.ActiveCfg = Debug|Any CPU
		{E7430E4D-DFEC-4D3C-97C2-3A907020A84C}.Debug|x86.Build.0 = Debug|Any CPU
		{E7430E4D-DFEC-4D3C-97C2-3A907020A84C}.Release|Any CPU.ActiveCfg = Release|Any CPU
		{E7430E4D-DFEC-4D3C-97C2-3A907020A84C}.Release|Any CPU.Build.0 = Release|Any CPU
		{E7430E4D-DFEC-4D3C-97C2-3A907020A84C}.Release|x64.ActiveCfg = Release|Any CPU
		{E7430E4D-DFEC-4D3C-97C2-3A907020A84C}.Release|x64.Build.0 = Release|Any CPU
		{E7430E4D-DFEC-4D3C-97C2-3A907020A84C}.Release|x86.ActiveCfg = Release|Any CPU
		{E7430E4D-DFEC-4D3C-97C2-3A907020A84C}.Release|x86.Build.0 = Release|Any CPU
	EndGlobalSection
	GlobalSection(SolutionProperties) = preSolution
		HideSolutionNode = FALSE
	EndGlobalSection
EndGlobal
